
Microsoft Visual Studio Solution File, Format Version 12.00
# Visual Studio 15
VisualStudioVersion = 15.0.28307.572
MinimumVisualStudioVersion = 10.0.40219.1
Project("{FAE04EC0-301F-11D3-BF4B-00C04F79EFBC}") = "BinDecConverter", "BinDecConverter\BinDecConverter.csproj", "{1EB0CAC5-D888-47A6-A0F3-50212575A4D4}"
EndProject
Global
	GlobalSection(SolutionConfigurationPlatforms) = preSolution
		Debug|Any CPU = Debug|Any CPU
		Release|Any CPU = Release|Any CPU
	EndGlobalSection
	GlobalSection(ProjectConfigurationPlatforms) = postSolution
		{1EB0CAC5-D888-47A6-A0F3-50212575A4D4}.Debug|Any CPU.ActiveCfg = Debug|Any CPU
		{1EB0CAC5-D888-47A6-A0F3-50212575A4D4}.Debug|Any CPU.Build.0 = Debug|Any CPU
		{1EB0CAC5-D888-47A6-A0F3-50212575A4D4}.Release|Any CPU.ActiveCfg = Release|Any CPU
		{1EB0CAC5-D888-47A6-A0F3-50212575A4D4}.Release|Any CPU.Build.0 = Release|Any CPU
	EndGlobalSection
	GlobalSection(SolutionProperties) = preSolution
		HideSolutionNode = FALSE
	EndGlobalSection
	GlobalSection(ExtensibilityGlobals) = postSolution
		SolutionGuid = {910712AC-B11B-442B-8D3C-EA8C2076BA85}
	EndGlobalSection
EndGlobal
